
Microsoft Visual Studio Solution File, Format Version 12.00
# Visual Studio Version 16
VisualStudioVersion = 16.0.29403.142
MinimumVisualStudioVersion = 10.0.40219.1
Project("{9A19103F-16F7-4668-BE54-9A1E7A4F7556}") = "Maior número em um array", "Teste .Net\Maior número em um array.csproj", "{761B592B-7B13-45E7-9085-68C31209BA36}"
EndProject
Project("{9A19103F-16F7-4668-BE54-9A1E7A4F7556}") = "Copiar arquivos de uma pasta para outra", "Copiar arquivos de uma pasta para outra\Copiar arquivos de uma pasta para outra.csproj", "{3DFF5378-9E26-4C8E-A6CC-1E6E49FDB16E}"
EndProject
Project("{FAE04EC0-301F-11D3-BF4B-00C04F79EFBC}") = "Combo via requisição ajax", "Combo via requisição ajax\Combo via requisição ajax.csproj", "{7B5E3A9D-2DB4-4EC8-988B-D30AF7A90C7E}"
EndProject
Global
	GlobalSection(SolutionConfigurationPlatforms) = preSolution
		Debug|Any CPU = Debug|Any CPU
		Release|Any CPU = Release|Any CPU
	EndGlobalSection
	GlobalSection(ProjectConfigurationPlatforms) = postSolution
		{761B592B-7B13-45E7-9085-68C31209BA36}.Debug|Any CPU.ActiveCfg = Debug|Any CPU
		{761B592B-7B13-45E7-9085-68C31209BA36}.Debug|Any CPU.Build.0 = Debug|Any CPU
		{761B592B-7B13-45E7-9085-68C31209BA36}.Release|Any CPU.ActiveCfg = Release|Any CPU
		{761B592B-7B13-45E7-9085-68C31209BA36}.Release|Any CPU.Build.0 = Release|Any CPU
		{3DFF5378-9E26-4C8E-A6CC-1E6E49FDB16E}.Debug|Any CPU.ActiveCfg = Debug|Any CPU
		{3DFF5378-9E26-4C8E-A6CC-1E6E49FDB16E}.Debug|Any CPU.Build.0 = Debug|Any CPU
		{3DFF5378-9E26-4C8E-A6CC-1E6E49FDB16E}.Release|Any CPU.ActiveCfg = Release|Any CPU
		{3DFF5378-9E26-4C8E-A6CC-1E6E49FDB16E}.Release|Any CPU.Build.0 = Release|Any CPU
		{7B5E3A9D-2DB4-4EC8-988B-D30AF7A90C7E}.Debug|Any CPU.ActiveCfg = Debug|Any CPU
		{7B5E3A9D-2DB4-4EC8-988B-D30AF7A90C7E}.Debug|Any CPU.Build.0 = Debug|Any CPU
		{7B5E3A9D-2DB4-4EC8-988B-D30AF7A90C7E}.Release|Any CPU.ActiveCfg = Release|Any CPU
		{7B5E3A9D-2DB4-4EC8-988B-D30AF7A90C7E}.Release|Any CPU.Build.0 = Release|Any CPU
	EndGlobalSection
	GlobalSection(SolutionProperties) = preSolution
		HideSolutionNode = FALSE
	EndGlobalSection
	GlobalSection(ExtensibilityGlobals) = postSolution
		SolutionGuid = {6844A8CA-B3F1-4C4F-92D4-268AE3164D21}
	EndGlobalSection
EndGlobal
